
Microsoft Visual Studio Solution File, Format Version 12.00
# Visual Studio Version 17
VisualStudioVersion = 17.1.32228.430
MinimumVisualStudioVersion = 10.0.40219.1
Project("{54A90642-561A-4BB1-A94E-469ADEE60C69}") = "Presentation", "Presentation\Presentation.esproj", "{BFE10267-6A08-4981-B027-87EDA6C3C022}"
EndProject
Project("{9A19103F-16F7-4668-BE54-9A1E7A4F7556}") = "Application", "Application\Application.csproj", "{A5D237AE-585E-4382-ADD4-1DC9F876BD91}"
EndProject
Project("{9A19103F-16F7-4668-BE54-9A1E7A4F7556}") = "Domain", "Domain\Domain.csproj", "{C9D8695C-9CCF-4678-A339-127D6F7E16E8}"
EndProject
Project("{9A19103F-16F7-4668-BE54-9A1E7A4F7556}") = "Infrastructure", "Infrastructure\Infrastructure.csproj", "{45F7F072-A5AC-4942-B49C-024E454D5C7A}"
EndProject
Project("{2150E333-8FDC-42A3-9474-1A3956D46DE8}") = "Tests", "Tests", "{5BA1E66C-E66A-4626-90D0-63D7ADDE7508}"
EndProject
Project("{FAE04EC0-301F-11D3-BF4B-00C04F79EFBC}") = "Application.Tests", "Application.Tests\Application.Tests.csproj", "{74F2664E-FBB1-48B4-A25D-9DA1CD33A622}"
EndProject
Project("{FAE04EC0-301F-11D3-BF4B-00C04F79EFBC}") = "TestHelpers", "TestHelpers\TestHelpers.csproj", "{CA06CF54-1DF5-46CA-98F7-4EAC6DD4CF4C}"
EndProject
Global
	GlobalSection(SolutionConfigurationPlatforms) = preSolution
		Debug|Any CPU = Debug|Any CPU
		Release|Any CPU = Release|Any CPU
	EndGlobalSection
	GlobalSection(ProjectConfigurationPlatforms) = postSolution
		{BFE10267-6A08-4981-B027-87EDA6C3C022}.Debug|Any CPU.ActiveCfg = Debug|Any CPU
		{BFE10267-6A08-4981-B027-87EDA6C3C022}.Debug|Any CPU.Build.0 = Debug|Any CPU
		{BFE10267-6A08-4981-B027-87EDA6C3C022}.Debug|Any CPU.Deploy.0 = Debug|Any CPU
		{BFE10267-6A08-4981-B027-87EDA6C3C022}.Release|Any CPU.ActiveCfg = Release|Any CPU
		{BFE10267-6A08-4981-B027-87EDA6C3C022}.Release|Any CPU.Build.0 = Release|Any CPU
		{BFE10267-6A08-4981-B027-87EDA6C3C022}.Release|Any CPU.Deploy.0 = Release|Any CPU
		{A5D237AE-585E-4382-ADD4-1DC9F876BD91}.Debug|Any CPU.ActiveCfg = Debug|Any CPU
		{A5D237AE-585E-4382-ADD4-1DC9F876BD91}.Debug|Any CPU.Build.0 = Debug|Any CPU
		{A5D237AE-585E-4382-ADD4-1DC9F876BD91}.Release|Any CPU.ActiveCfg = Release|Any CPU
		{A5D237AE-585E-4382-ADD4-1DC9F876BD91}.Release|Any CPU.Build.0 = Release|Any CPU
		{C9D8695C-9CCF-4678-A339-127D6F7E16E8}.Debug|Any CPU.ActiveCfg = Debug|Any CPU
		{C9D8695C-9CCF-4678-A339-127D6F7E16E8}.Debug|Any CPU.Build.0 = Debug|Any CPU
		{C9D8695C-9CCF-4678-A339-127D6F7E16E8}.Release|Any CPU.ActiveCfg = Release|Any CPU
		{C9D8695C-9CCF-4678-A339-127D6F7E16E8}.Release|Any CPU.Build.0 = Release|Any CPU
		{45F7F072-A5AC-4942-B49C-024E454D5C7A}.Debug|Any CPU.ActiveCfg = Debug|Any CPU
		{45F7F072-A5AC-4942-B49C-024E454D5C7A}.Debug|Any CPU.Build.0 = Debug|Any CPU
		{45F7F072-A5AC-4942-B49C-024E454D5C7A}.Release|Any CPU.ActiveCfg = Release|Any CPU
		{45F7F072-A5AC-4942-B49C-024E454D5C7A}.Release|Any CPU.Build.0 = Release|Any CPU
		{74F2664E-FBB1-48B4-A25D-9DA1CD33A622}.Debug|Any CPU.ActiveCfg = Debug|Any CPU
		{74F2664E-FBB1-48B4-A25D-9DA1CD33A622}.Debug|Any CPU.Build.0 = Debug|Any CPU
		{74F2664E-FBB1-48B4-A25D-9DA1CD33A622}.Release|Any CPU.ActiveCfg = Release|Any CPU
		{74F2664E-FBB1-48B4-A25D-9DA1CD33A622}.Release|Any CPU.Build.0 = Release|Any CPU
		{CA06CF54-1DF5-46CA-98F7-4EAC6DD4CF4C}.Debug|Any CPU.ActiveCfg = Debug|Any CPU
		{CA06CF54-1DF5-46CA-98F7-4EAC6DD4CF4C}.Debug|Any CPU.Build.0 = Debug|Any CPU
		{CA06CF54-1DF5-46CA-98F7-4EAC6DD4CF4C}.Release|Any CPU.ActiveCfg = Release|Any CPU
		{CA06CF54-1DF5-46CA-98F7-4EAC6DD4CF4C}.Release|Any CPU.Build.0 = Release|Any CPU
	EndGlobalSection
	GlobalSection(SolutionProperties) = preSolution
		HideSolutionNode = FALSE
	EndGlobalSection
	GlobalSection(NestedProjects) = preSolution
		{74F2664E-FBB1-48B4-A25D-9DA1CD33A622} = {5BA1E66C-E66A-4626-90D0-63D7ADDE7508}
		{CA06CF54-1DF5-46CA-98F7-4EAC6DD4CF4C} = {5BA1E66C-E66A-4626-90D0-63D7ADDE7508}
	EndGlobalSection
	GlobalSection(ExtensibilityGlobals) = postSolution
		SolutionGuid = {970FB29C-EC00-4765-A3D8-E974868BD1BA}
	EndGlobalSection
EndGlobal
